
Microsoft Visual Studio Solution File, Format Version 12.00
# Visual Studio Version 17
VisualStudioVersion = 17.7.34003.232
MinimumVisualStudioVersion = 10.0.40219.1
Project("{9A19103F-16F7-4668-BE54-9A1E7A4F7556}") = "postMortem.Data", "postMortem.Data\postMortem.Data.csproj", "{DA7389D2-850A-4E6E-852C-7715F5033F64}"
EndProject
Project("{FAE04EC0-301F-11D3-BF4B-00C04F79EFBC}") = "postMortem.Web", "postMortem.Web\postMortem.Web.csproj", "{0E71A328-C3CF-4B00-9DA7-BC446AC3DEBE}"
EndProject
Global
	GlobalSection(SolutionConfigurationPlatforms) = preSolution
		Debug|Any CPU = Debug|Any CPU
		Release|Any CPU = Release|Any CPU
	EndGlobalSection
	GlobalSection(ProjectConfigurationPlatforms) = postSolution
		{DA7389D2-850A-4E6E-852C-7715F5033F64}.Debug|Any CPU.ActiveCfg = Debug|Any CPU
		{DA7389D2-850A-4E6E-852C-7715F5033F64}.Debug|Any CPU.Build.0 = Debug|Any CPU
		{DA7389D2-850A-4E6E-852C-7715F5033F64}.Release|Any CPU.ActiveCfg = Release|Any CPU
		{DA7389D2-850A-4E6E-852C-7715F5033F64}.Release|Any CPU.Build.0 = Release|Any CPU
		{0E71A328-C3CF-4B00-9DA7-BC446AC3DEBE}.Debug|Any CPU.ActiveCfg = Debug|Any CPU
		{0E71A328-C3CF-4B00-9DA7-BC446AC3DEBE}.Debug|Any CPU.Build.0 = Debug|Any CPU
		{0E71A328-C3CF-4B00-9DA7-BC446AC3DEBE}.Release|Any CPU.ActiveCfg = Release|Any CPU
		{0E71A328-C3CF-4B00-9DA7-BC446AC3DEBE}.Release|Any CPU.Build.0 = Release|Any CPU
	EndGlobalSection
	GlobalSection(SolutionProperties) = preSolution
		HideSolutionNode = FALSE
	EndGlobalSection
	GlobalSection(ExtensibilityGlobals) = postSolution
		SolutionGuid = {1DCFCCB8-D88C-4EF7-BE40-E4C6AE5B3481}
	EndGlobalSection
EndGlobal
